Microsoft Visual Studio Solution File, Format Version 11.00
# Visual Studio 2008

Project("{397B1170-33C1-DDC7-AEA0-21F90747D0F7}") = "Black Horizon", "Assembly-CSharp-firstpass.csproj", "{1A9493CD-EAEF-BBFF-E794-096711D4273E}"
EndProject
Project("{397B1170-33C1-DDC7-AEA0-21F90747D0F7}") = "Black Horizon", "Assembly-CSharp.csproj", "{7195CB98-04F6-4DA0-0291-2877476852CC}"
EndProject
Project("{397B1170-33C1-DDC7-AEA0-21F90747D0F7}") = "Black Horizon", "Assembly-CSharp-Editor-firstpass.csproj", "{FF304CE7-100C-DEF3-EE64-7A9665A7F204}"
EndProject
Project("{397B1170-33C1-DDC7-AEA0-21F90747D0F7}") = "Black Horizon", "Assembly-CSharp-Editor.csproj", "{63DCCD10-28C1-B72E-8E13-C6FCBDD5F174}"
EndProject
Global
	GlobalSection(SolutionConfigurationPlatforms) = preSolution
		Debug|Any CPU = Debug|Any CPU
		Release|Any CPU = Release|Any CPU
	EndGlobalSection
	GlobalSection(ProjectConfigurationPlatforms) = postSolution
		{1A9493CD-EAEF-BBFF-E794-096711D4273E}.Debug|Any CPU.ActiveCfg = Debug|Any CPU
		{1A9493CD-EAEF-BBFF-E794-096711D4273E}.Debug|Any CPU.Build.0 = Debug|Any CPU
		{1A9493CD-EAEF-BBFF-E794-096711D4273E}.Release|Any CPU.ActiveCfg = Release|Any CPU
		{1A9493CD-EAEF-BBFF-E794-096711D4273E}.Release|Any CPU.Build.0 = Release|Any CPU
		{7195CB98-04F6-4DA0-0291-2877476852CC}.Debug|Any CPU.ActiveCfg = Debug|Any CPU
		{7195CB98-04F6-4DA0-0291-2877476852CC}.Debug|Any CPU.Build.0 = Debug|Any CPU
		{7195CB98-04F6-4DA0-0291-2877476852CC}.Release|Any CPU.ActiveCfg = Release|Any CPU
		{7195CB98-04F6-4DA0-0291-2877476852CC}.Release|Any CPU.Build.0 = Release|Any CPU
		{FF304CE7-100C-DEF3-EE64-7A9665A7F204}.Debug|Any CPU.ActiveCfg = Debug|Any CPU
		{FF304CE7-100C-DEF3-EE64-7A9665A7F204}.Debug|Any CPU.Build.0 = Debug|Any CPU
		{FF304CE7-100C-DEF3-EE64-7A9665A7F204}.Release|Any CPU.ActiveCfg = Release|Any CPU
		{FF304CE7-100C-DEF3-EE64-7A9665A7F204}.Release|Any CPU.Build.0 = Release|Any CPU
		{63DCCD10-28C1-B72E-8E13-C6FCBDD5F174}.Debug|Any CPU.ActiveCfg = Debug|Any CPU
		{63DCCD10-28C1-B72E-8E13-C6FCBDD5F174}.Debug|Any CPU.Build.0 = Debug|Any CPU
		{63DCCD10-28C1-B72E-8E13-C6FCBDD5F174}.Release|Any CPU.ActiveCfg = Release|Any CPU
		{63DCCD10-28C1-B72E-8E13-C6FCBDD5F174}.Release|Any CPU.Build.0 = Release|Any CPU
	EndGlobalSection
	GlobalSection(SolutionProperties) = preSolution
		HideSolutionNode = FALSE
	EndGlobalSection
	GlobalSection(MonoDevelopProperties) = preSolution
		StartupItem = Assembly-CSharp.csproj
	EndGlobalSection
EndGlobal
